// !$*UTF8*$!
{
	archiveVersion = 1;
	classes = {
	};
	objectVersion = 50;
	objects = {

/* Begin PBXBuildFile section */
		470159E726422AF3000DB47A /* AnimalListItemView.swift in Sources */ = {isa = PBXBuildFile; fileRef = 470159E626422AF3000DB47A /* AnimalListItemView.swift */; };
		470159E926422D28000DB47A /* AnimalModel.swift in Sources */ = {isa = PBXBuildFile; fileRef = 470159E826422D28000DB47A /* AnimalModel.swift */; };
		475ECD302640B63400BF2ECD /* AfricaApp.swift in Sources */ = {isa = PBXBuildFile; fileRef = 475ECD2F2640B63400BF2ECD /* AfricaApp.swift */; };
		475ECD322640B63400BF2ECD /* ContentView.swift in Sources */ = {isa = PBXBuildFile; fileRef = 475ECD312640B63400BF2ECD /* ContentView.swift */; };
		475ECD342640B63500BF2ECD /* Assets.xcassets in Resources */ = {isa = PBXBuildFile; fileRef = 475ECD332640B63500BF2ECD /* Assets.xcassets */; };
		475ECD372640B63500BF2ECD /* Preview Assets.xcassets in Resources */ = {isa = PBXBuildFile; fileRef = 475ECD362640B63500BF2ECD /* Preview Assets.xcassets */; };
		47B6417626421861000F05B1 /* ostrich.mp4 in Resources */ = {isa = PBXBuildFile; fileRef = 47B6416C2642185E000F05B1 /* ostrich.mp4 */; };
		47B6417726421861000F05B1 /* lioness.mp4 in Resources */ = {isa = PBXBuildFile; fileRef = 47B6416D2642185F000F05B1 /* lioness.mp4 */; };
		47B6417826421861000F05B1 /* cheetah.mp4 in Resources */ = {isa = PBXBuildFile; fileRef = 47B6416E2642185F000F05B1 /* cheetah.mp4 */; };
		47B6417926421861000F05B1 /* gorilla.mp4 in Resources */ = {isa = PBXBuildFile; fileRef = 47B6416F2642185F000F05B1 /* gorilla.mp4 */; };
		47B6417A26421861000F05B1 /* giraffe.mp4 in Resources */ = {isa = PBXBuildFile; fileRef = 47B641702642185F000F05B1 /* giraffe.mp4 */; };
		47B6417B26421861000F05B1 /* lion.mp4 in Resources */ = {isa = PBXBuildFile; fileRef = 47B6417126421860000F05B1 /* lion.mp4 */; };
		47B6417C26421861000F05B1 /* rhino.mp4 in Resources */ = {isa = PBXBuildFile; fileRef = 47B6417226421860000F05B1 /* rhino.mp4 */; };
		47B6417D26421861000F05B1 /* zebra.mp4 in Resources */ = {isa = PBXBuildFile; fileRef = 47B6417326421860000F05B1 /* zebra.mp4 */; };
		47B6417E26421861000F05B1 /* elephant.mp4 in Resources */ = {isa = PBXBuildFile; fileRef = 47B6417426421861000F05B1 /* elephant.mp4 */; };
		47B6417F26421861000F05B1 /* hippo.mp4 in Resources */ = {isa = PBXBuildFile; fileRef = 47B6417526421861000F05B1 /* hippo.mp4 */; };
		47B64185264218C4000F05B1 /* covers.json in Resources */ = {isa = PBXBuildFile; fileRef = 47B64181264218C4000F05B1 /* covers.json */; };
		47B64186264218C4000F05B1 /* animals.json in Resources */ = {isa = PBXBuildFile; fileRef = 47B64182264218C4000F05B1 /* animals.json */; };
		47B64187264218C4000F05B1 /* locations.json in Resources */ = {isa = PBXBuildFile; fileRef = 47B64183264218C4000F05B1 /* locations.json */; };
		47B64188264218C4000F05B1 /* videos.json in Resources */ = {isa = PBXBuildFile; fileRef = 47B64184264218C4000F05B1 /* videos.json */; };
		47B6418B26421B2C000F05B1 /* VideoListView.swift in Sources */ = {isa = PBXBuildFile; fileRef = 47B6418A26421B2C000F05B1 /* VideoListView.swift */; };
		47B6418D26421B3B000F05B1 /* MapView.swift in Sources */ = {isa = PBXBuildFile; fileRef = 47B6418C26421B3B000F05B1 /* MapView.swift */; };
		47B6418F26421B4D000F05B1 /* GalleryView.swift in Sources */ = {isa = PBXBuildFile; fileRef = 47B6418E26421B4D000F05B1 /* GalleryView.swift */; };
		47B6419126421B59000F05B1 /* MainView.swift in Sources */ = {isa = PBXBuildFile; fileRef = 47B6419026421B59000F05B1 /* MainView.swift */; };
		47B6419426421D23000F05B1 /* CoverImageView.swift in Sources */ = {isa = PBXBuildFile; fileRef = 47B6419326421D23000F05B1 /* CoverImageView.swift */; };
		47B6419726421F57000F05B1 /* CoverImageModel.swift in Sources */ = {isa = PBXBuildFile; fileRef = 47B6419626421F57000F05B1 /* CoverImageModel.swift */; };
		47B6419A26422041000F05B1 /* CodableBundleExtension.swift in Sources */ = {isa = PBXBuildFile; fileRef = 47B6419926422041000F05B1 /* CodableBundleExtension.swift */; };
		47C7A3FA2642B9FC00561285 /* AnimalDetailView.swift in Sources */ = {isa = PBXBuildFile; fileRef = 47C7A3F92642B9FC00561285 /* AnimalDetailView.swift */; };
		47C7A3FC2642BBBB00561285 /* HeadingView.swift in Sources */ = {isa = PBXBuildFile; fileRef = 47C7A3FB2642BBBB00561285 /* HeadingView.swift */; };
		47C7A3FE2642BD2600561285 /* InsetGalleryView.swift in Sources */ = {isa = PBXBuildFile; fileRef = 47C7A3FD2642BD2600561285 /* InsetGalleryView.swift */; };
/* End PBXBuildFile section */

/* Begin PBXFileReference section */
		470159E626422AF3000DB47A /* AnimalListItemView.swift */ = {isa = PBXFileReference; lastKnownFileType = sourcecode.swift; path = AnimalListItemView.swift; sourceTree = "<group>"; };
		470159E826422D28000DB47A /* AnimalModel.swift */ = {isa = PBXFileReference; lastKnownFileType = sourcecode.swift; path = AnimalModel.swift; sourceTree = "<group>"; };
		475ECD2C2640B63400BF2ECD /* Africa.app */ = {isa = PBXFileReference; explicitFileType = wrapper.application; includeInIndex = 0; path = Africa.app; sourceTree = BUILT_PRODUCTS_DIR; };
		475ECD2F2640B63400BF2ECD /* AfricaApp.swift */ = {isa = PBXFileReference; lastKnownFileType = sourcecode.swift; path = AfricaApp.swift; sourceTree = "<group>"; };
		475ECD312640B63400BF2ECD /* ContentView.swift */ = {isa = PBXFileReference; lastKnownFileType = sourcecode.swift; path = ContentView.swift; sourceTree = "<group>"; };
		475ECD332640B63500BF2ECD /* Assets.xcassets */ = {isa = PBXFileReference; lastKnownFileType = folder.assetcatalog; path = Assets.xcassets; sourceTree = "<group>"; };
		475ECD362640B63500BF2ECD /* Preview Assets.xcassets */ = {isa = PBXFileReference; lastKnownFileType = folder.assetcatalog; path = "Preview Assets.xcassets"; sourceTree = "<group>"; };
		475ECD382640B63500BF2ECD /* Info.plist */ = {isa = PBXFileReference; lastKnownFileType = text.plist.xml; path = Info.plist; sourceTree = "<group>"; };
		47B6416C2642185E000F05B1 /* ostrich.mp4 */ = {isa = PBXFileReference; lastKnownFileType = file; path = ostrich.mp4; sourceTree = "<group>"; };
		47B6416D2642185F000F05B1 /* lioness.mp4 */ = {isa = PBXFileReference; lastKnownFileType = file; path = lioness.mp4; sourceTree = "<group>"; };
		47B6416E2642185F000F05B1 /* cheetah.mp4 */ = {isa = PBXFileReference; lastKnownFileType = file; path = cheetah.mp4; sourceTree = "<group>"; };
		47B6416F2642185F000F05B1 /* gorilla.mp4 */ = {isa = PBXFileReference; lastKnownFileType = file; path = gorilla.mp4; sourceTree = "<group>"; };
		47B641702642185F000F05B1 /* giraffe.mp4 */ = {isa = PBXFileReference; lastKnownFileType = file; path = giraffe.mp4; sourceTree = "<group>"; };
		47B6417126421860000F05B1 /* lion.mp4 */ = {isa = PBXFileReference; lastKnownFileType = file; path = lion.mp4; sourceTree = "<group>"; };
		47B6417226421860000F05B1 /* rhino.mp4 */ = {isa = PBXFileReference; lastKnownFileType = file; path = rhino.mp4; sourceTree = "<group>"; };
		47B6417326421860000F05B1 /* zebra.mp4 */ = {isa = PBXFileReference; lastKnownFileType = file; path = zebra.mp4; sourceTree = "<group>"; };
		47B6417426421861000F05B1 /* elephant.mp4 */ = {isa = PBXFileReference; lastKnownFileType = file; path = elephant.mp4; sourceTree = "<group>"; };
		47B6417526421861000F05B1 /* hippo.mp4 */ = {isa = PBXFileReference; lastKnownFileType = file; path = hippo.mp4; sourceTree = "<group>"; };
		47B64181264218C4000F05B1 /* covers.json */ = {isa = PBXFileReference; fileEncoding = 4; lastKnownFileType = text.json; path = covers.json; sourceTree = "<group>"; };
		47B64182264218C4000F05B1 /* animals.json */ = {isa = PBXFileReference; fileEncoding = 4; lastKnownFileType = text.json; path = animals.json; sourceTree = "<group>"; };
		47B64183264218C4000F05B1 /* locations.json */ = {isa = PBXFileReference; fileEncoding = 4; lastKnownFileType = text.json; path = locations.json; sourceTree = "<group>"; };
		47B64184264218C4000F05B1 /* videos.json */ = {isa = PBXFileReference; fileEncoding = 4; lastKnownFileType = text.json; path = videos.json; sourceTree = "<group>"; };
		47B6418A26421B2C000F05B1 /* VideoListView.swift */ = {isa = PBXFileReference; lastKnownFileType = sourcecode.swift; path = VideoListView.swift; sourceTree = "<group>"; };
		47B6418C26421B3B000F05B1 /* MapView.swift */ = {isa = PBXFileReference; lastKnownFileType = sourcecode.swift; path = MapView.swift; sourceTree = "<group>"; };
		47B6418E26421B4D000F05B1 /* GalleryView.swift */ = {isa = PBXFileReference; lastKnownFileType = sourcecode.swift; path = GalleryView.swift; sourceTree = "<group>"; };
		47B6419026421B59000F05B1 /* MainView.swift */ = {isa = PBXFileReference; lastKnownFileType = sourcecode.swift; path = MainView.swift; sourceTree = "<group>"; };
		47B6419326421D23000F05B1 /* CoverImageView.swift */ = {isa = PBXFileReference; lastKnownFileType = sourcecode.swift; path = CoverImageView.swift; sourceTree = "<group>"; };
		47B6419626421F57000F05B1 /* CoverImageModel.swift */ = {isa = PBXFileReference; lastKnownFileType = sourcecode.swift; path = CoverImageModel.swift; sourceTree = "<group>"; };
		47B6419926422041000F05B1 /* CodableBundleExtension.swift */ = {isa = PBXFileReference; lastKnownFileType = sourcecode.swift; path = CodableBundleExtension.swift; sourceTree = "<group>"; };
		47C7A3F92642B9FC00561285 /* AnimalDetailView.swift */ = {isa = PBXFileReference; lastKnownFileType = sourcecode.swift; path = AnimalDetailView.swift; sourceTree = "<group>"; };
		47C7A3FB2642BBBB00561285 /* HeadingView.swift */ = {isa = PBXFileReference; lastKnownFileType = sourcecode.swift; path = HeadingView.swift; sourceTree = "<group>"; };
		47C7A3FD2642BD2600561285 /* InsetGalleryView.swift */ = {isa = PBXFileReference; lastKnownFileType = sourcecode.swift; path = InsetGalleryView.swift; sourceTree = "<group>"; };
/* End PBXFileReference section */

/* Begin PBXFrameworksBuildPhase section */
		475ECD292640B63400BF2ECD /* Frameworks */ = {
			isa = PBXFrameworksBuildPhase;
			buildActionMask = 2147483647;
			files = (
			);
			runOnlyForDeploymentPostprocessing = 0;
		};
/* End PBXFrameworksBuildPhase section */

/* Begin PBXGroup section */
		475ECD232640B63400BF2ECD = {
			isa = PBXGroup;
			children = (
				475ECD2E2640B63400BF2ECD /* Africa */,
				475ECD2D2640B63400BF2ECD /* Products */,
			);
			sourceTree = "<group>";
		};
		475ECD2D2640B63400BF2ECD /* Products */ = {
			isa = PBXGroup;
			children = (
				475ECD2C2640B63400BF2ECD /* Africa.app */,
			);
			name = Products;
			sourceTree = "<group>";
		};
		475ECD2E2640B63400BF2ECD /* Africa */ = {
			isa = PBXGroup;
			children = (
				47B6419826422034000F05B1 /* Extension */,
				47B6419526421F4B000F05B1 /* Model */,
				47B6419226421D16000F05B1 /* View */,
				47B6416B2642183F000F05B1 /* Video */,
				47B6418926421AC2000F05B1 /* App */,
				475ECD332640B63500BF2ECD /* Assets.xcassets */,
				475ECD382640B63500BF2ECD /* Info.plist */,
				47B64180264218AA000F05B1 /* Data */,
				475ECD352640B63500BF2ECD /* Preview Content */,
			);
			path = Africa;
			sourceTree = "<group>";
		};
		475ECD352640B63500BF2ECD /* Preview Content */ = {
			isa = PBXGroup;
			children = (
				475ECD362640B63500BF2ECD /* Preview Assets.xcassets */,
			);
			path = "Preview Content";
			sourceTree = "<group>";
		};
		47B6416B2642183F000F05B1 /* Video */ = {
			isa = PBXGroup;
			children = (
				47B6416E2642185F000F05B1 /* cheetah.mp4 */,
				47B6417426421861000F05B1 /* elephant.mp4 */,
				47B641702642185F000F05B1 /* giraffe.mp4 */,
				47B6416F2642185F000F05B1 /* gorilla.mp4 */,
				47B6417526421861000F05B1 /* hippo.mp4 */,
				47B6417126421860000F05B1 /* lion.mp4 */,
				47B6416D2642185F000F05B1 /* lioness.mp4 */,
				47B6416C2642185E000F05B1 /* ostrich.mp4 */,
				47B6417226421860000F05B1 /* rhino.mp4 */,
				47B6417326421860000F05B1 /* zebra.mp4 */,
			);
			path = Video;
			sourceTree = "<group>";
		};
		47B64180264218AA000F05B1 /* Data */ = {
			isa = PBXGroup;
			children = (
				47B64182264218C4000F05B1 /* animals.json */,
				47B64181264218C4000F05B1 /* covers.json */,
				47B64183264218C4000F05B1 /* locations.json */,
				47B64184264218C4000F05B1 /* videos.json */,
			);
			path = Data;
			sourceTree = "<group>";
		};
		47B6418926421AC2000F05B1 /* App */ = {
			isa = PBXGroup;
			children = (
				475ECD2F2640B63400BF2ECD /* AfricaApp.swift */,
				475ECD312640B63400BF2ECD /* ContentView.swift */,
				47B6418E26421B4D000F05B1 /* GalleryView.swift */,
				47B6419026421B59000F05B1 /* MainView.swift */,
				47B6418A26421B2C000F05B1 /* VideoListView.swift */,
				47B6418C26421B3B000F05B1 /* MapView.swift */,
			);
			path = App;
			sourceTree = "<group>";
		};
		47B6419226421D16000F05B1 /* View */ = {
			isa = PBXGroup;
			children = (
				47B6419326421D23000F05B1 /* CoverImageView.swift */,
				470159E626422AF3000DB47A /* AnimalListItemView.swift */,
				47C7A3F92642B9FC00561285 /* AnimalDetailView.swift */,
				47C7A3FB2642BBBB00561285 /* HeadingView.swift */,
				47C7A3FD2642BD2600561285 /* InsetGalleryView.swift */,
			);
			path = View;
			sourceTree = "<group>";
		};
		47B6419526421F4B000F05B1 /* Model */ = {
			isa = PBXGroup;
			children = (
				47B6419626421F57000F05B1 /* CoverImageModel.swift */,
				470159E826422D28000DB47A /* AnimalModel.swift */,
			);
			path = Model;
			sourceTree = "<group>";
		};
		47B6419826422034000F05B1 /* Extension */ = {
			isa = PBXGroup;
			children = (
				47B6419926422041000F05B1 /* CodableBundleExtension.swift */,
			);
			path = Extension;
			sourceTree = "<group>";
		};
/* End PBXGroup section */

/* Begin PBXNativeTarget section */
		475ECD2B2640B63400BF2ECD /* Africa */ = {
			isa = PBXNativeTarget;
			buildConfigurationList = 475ECD3B2640B63500BF2ECD /* Build configuration list for PBXNativeTarget "Africa" */;
			buildPhases = (
				475ECD282640B63400BF2ECD /* Sources */,
				475ECD292640B63400BF2ECD /* Frameworks */,
				475ECD2A2640B63400BF2ECD /* Resources */,
			);
			buildRules = (
			);
			dependencies = (
			);
			name = Africa;
			productName = Africa;
			productReference = 475ECD2C2640B63400BF2ECD /* Africa.app */;
			productType = "com.apple.product-type.application";
		};
/* End PBXNativeTarget section */

/* Begin PBXProject section */
		475ECD242640B63400BF2ECD /* Project object */ = {
			isa = PBXProject;
			attributes = {
				LastSwiftUpdateCheck = 1250;
				LastUpgradeCheck = 1250;
				TargetAttributes = {
					475ECD2B2640B63400BF2ECD = {
						CreatedOnToolsVersion = 12.5;
					};
				};
			};
			buildConfigurationList = 475ECD272640B63400BF2ECD /* Build configuration list for PBXProject "Africa" */;
			compatibilityVersion = "Xcode 9.3";
			developmentRegion = en;
			hasScannedForEncodings = 0;
			knownRegions = (
				en,
				Base,
			);
			mainGroup = 475ECD232640B63400BF2ECD;
			productRefGroup = 475ECD2D2640B63400BF2ECD /* Products */;
			projectDirPath = "";
			projectRoot = "";
			targets = (
				475ECD2B2640B63400BF2ECD /* Africa */,
			);
		};
/* End PBXProject section */

/* Begin PBXResourcesBuildPhase section */
		475ECD2A2640B63400BF2ECD /* Resources */ = {
			isa = PBXResourcesBuildPhase;
			buildActionMask = 2147483647;
			files = (
				47B64185264218C4000F05B1 /* covers.json in Resources */,
				47B6417626421861000F05B1 /* ostrich.mp4 in Resources */,
				47B6417B26421861000F05B1 /* lion.mp4 in Resources */,
				47B6417826421861000F05B1 /* cheetah.mp4 in Resources */,
				47B6417C26421861000F05B1 /* rhino.mp4 in Resources */,
				47B6417F26421861000F05B1 /* hippo.mp4 in Resources */,
				475ECD372640B63500BF2ECD /* Preview Assets.xcassets in Resources */,
				47B64187264218C4000F05B1 /* locations.json in Resources */,
				47B64186264218C4000F05B1 /* animals.json in Resources */,
				475ECD342640B63500BF2ECD /* Assets.xcassets in Resources */,
				47B6417D26421861000F05B1 /* zebra.mp4 in Resources */,
				47B6417926421861000F05B1 /* gorilla.mp4 in Resources */,
				47B6417A26421861000F05B1 /* giraffe.mp4 in Resources */,
				47B64188264218C4000F05B1 /* videos.json in Resources */,
				47B6417726421861000F05B1 /* lioness.mp4 in Resources */,
				47B6417E26421861000F05B1 /* elephant.mp4 in Resources */,
			);
			runOnlyForDeploymentPostprocessing = 0;
		};
/* End PBXResourcesBuildPhase section */

/* Begin PBXSourcesBuildPhase section */
		475ECD282640B63400BF2ECD /* Sources */ = {
			isa = PBXSourcesBuildPhase;
			buildActionMask = 2147483647;
			files = (
				475ECD322640B63400BF2ECD /* ContentView.swift in Sources */,
				470159E726422AF3000DB47A /* AnimalListItemView.swift in Sources */,
				47B6419126421B59000F05B1 /* MainView.swift in Sources */,
				47B6419426421D23000F05B1 /* CoverImageView.swift in Sources */,
				47B6419726421F57000F05B1 /* CoverImageModel.swift in Sources */,
				47C7A3FA2642B9FC00561285 /* AnimalDetailView.swift in Sources */,
				470159E926422D28000DB47A /* AnimalModel.swift in Sources */,
				47B6418D26421B3B000F05B1 /* MapView.swift in Sources */,
				475ECD302640B63400BF2ECD /* AfricaApp.swift in Sources */,
				47B6418F26421B4D000F05B1 /* GalleryView.swift in Sources */,
				47B6418B26421B2C000F05B1 /* VideoListView.swift in Sources */,
				47C7A3FE2642BD2600561285 /* InsetGalleryView.swift in Sources */,
				47B6419A26422041000F05B1 /* CodableBundleExtension.swift in Sources */,
				47C7A3FC2642BBBB00561285 /* HeadingView.swift in Sources */,
			);
			runOnlyForDeploymentPostprocessing = 0;
		};
/* End PBXSourcesBuildPhase section */

/* Begin XCBuildConfiguration section */
		475ECD392640B63500BF2ECD /* Debug */ = {
			isa = XCBuildConfiguration;
			buildSettings = {
				ALWAYS_SEARCH_USER_PATHS = NO;
				CLANG_ANALYZER_NONNULL = YES;
				CLANG_ANALYZER_NUMBER_OBJECT_CONVERSION = YES_AGGRESSIVE;
				CLANG_CXX_LANGUAGE_STANDARD = "gnu++14";
				CLANG_CXX_LIBRARY = "libc++";
				CLANG_ENABLE_MODULES = YES;
				CLANG_ENABLE_OBJC_ARC = YES;
				CLANG_ENABLE_OBJC_WEAK = YES;
				CLANG_WARN_BLOCK_CAPTURE_AUTORELEASING = YES;
				CLANG_WARN_BOOL_CONVERSION = YES;
				CLANG_WARN_COMMA = YES;
				CLANG_WARN_CONSTANT_CONVERSION = YES;
				CLANG_WARN_DEPRECATED_OBJC_IMPLEMENTATIONS = YES;
				CLANG_WARN_DIRECT_OBJC_ISA_USAGE = YES_ERROR;
				CLANG_WARN_DOCUMENTATION_COMMENTS = YES;
				CLANG_WARN_EMPTY_BODY = YES;
				CLANG_WARN_ENUM_CONVERSION = YES;
				CLANG_WARN_INFINITE_RECURSION = YES;
				CLANG_WARN_INT_CONVERSION = YES;
				CLANG_WARN_NON_LITERAL_NULL_CONVERSION = YES;
				CLANG_WARN_OBJC_IMPLICIT_RETAIN_SELF = YES;
				CLANG_WARN_OBJC_LITERAL_CONVERSION = YES;
				CLANG_WARN_OBJC_ROOT_CLASS = YES_ERROR;
				CLANG_WARN_QUOTED_INCLUDE_IN_FRAMEWORK_HEADER = YES;
				CLANG_WARN_RANGE_LOOP_ANALYSIS = YES;
				CLANG_WARN_STRICT_PROTOTYPES = YES;
				CLANG_WARN_SUSPICIOUS_MOVE = YES;
				CLANG_WARN_UNGUARDED_AVAILABILITY = YES_AGGRESSIVE;
				CLANG_WARN_UNREACHABLE_CODE = YES;
				CLANG_WARN__DUPLICATE_METHOD_MATCH = YES;
				COPY_PHASE_STRIP = NO;
				DEBUG_INFORMATION_FORMAT = dwarf;
				ENABLE_STRICT_OBJC_MSGSEND = YES;
				ENABLE_TESTABILITY = YES;
				GCC_C_LANGUAGE_STANDARD = gnu11;
				GCC_DYNAMIC_NO_PIC = NO;
				GCC_NO_COMMON_BLOCKS = YES;
				GCC_OPTIMIZATION_LEVEL = 0;
				GCC_PREPROCESSOR_DEFINITIONS = (
					"DEBUG=1",
					"$(inherited)",
				);
				GCC_WARN_64_TO_32_BIT_CONVERSION = YES;
				GCC_WARN_ABOUT_RETURN_TYPE = YES_ERROR;
				GCC_WARN_UNDECLARED_SELECTOR = YES;
				GCC_WARN_UNINITIALIZED_AUTOS = YES_AGGRESSIVE;
				GCC_WARN_UNUSED_FUNCTION = YES;
				GCC_WARN_UNUSED_VARIABLE = YES;
				IPHONEOS_DEPLOYMENT_TARGET = 14.5;
				MTL_ENABLE_DEBUG_INFO = INCLUDE_SOURCE;
				MTL_FAST_MATH = YES;
				ONLY_ACTIVE_ARCH = YES;
				SDKROOT = iphoneos;
				SWIFT_ACTIVE_COMPILATION_CONDITIONS = DEBUG;
				SWIFT_OPTIMIZATION_LEVEL = "-Onone";
			};
			name = Debug;
		};
		475ECD3A2640B63500BF2ECD /* Release */ = {
			isa = XCBuildConfiguration;
			buildSettings = {
				ALWAYS_SEARCH_USER_PATHS = NO;
				CLANG_ANALYZER_NONNULL = YES;
				CLANG_ANALYZER_NUMBER_OBJECT_CONVERSION = YES_AGGRESSIVE;
				CLANG_CXX_LANGUAGE_STANDARD = "gnu++14";
				CLANG_CXX_LIBRARY = "libc++";
				CLANG_ENABLE_MODULES = YES;
				CLANG_ENABLE_OBJC_ARC = YES;
				CLANG_ENABLE_OBJC_WEAK = YES;
				CLANG_WARN_BLOCK_CAPTURE_AUTORELEASING = YES;
				CLANG_WARN_BOOL_CONVERSION = YES;
				CLANG_WARN_COMMA = YES;
				CLANG_WARN_CONSTANT_CONVERSION = YES;
				CLANG_WARN_DEPRECATED_OBJC_IMPLEMENTATIONS = YES;
				CLANG_WARN_DIRECT_OBJC_ISA_USAGE = YES_ERROR;
				CLANG_WARN_DOCUMENTATION_COMMENTS = YES;
				CLANG_WARN_EMPTY_BODY = YES;
				CLANG_WARN_ENUM_CONVERSION = YES;
				CLANG_WARN_INFINITE_RECURSION = YES;
				CLANG_WARN_INT_CONVERSION = YES;
				CLANG_WARN_NON_LITERAL_NULL_CONVERSION = YES;
				CLANG_WARN_OBJC_IMPLICIT_RETAIN_SELF = YES;
				CLANG_WARN_OBJC_LITERAL_CONVERSION = YES;
				CLANG_WARN_OBJC_ROOT_CLASS = YES_ERROR;
				CLANG_WARN_QUOTED_INCLUDE_IN_FRAMEWORK_HEADER = YES;
				CLANG_WARN_RANGE_LOOP_ANALYSIS = YES;
				CLANG_WARN_STRICT_PROTOTYPES = YES;
				CLANG_WARN_SUSPICIOUS_MOVE = YES;
				CLANG_WARN_UNGUARDED_AVAILABILITY = YES_AGGRESSIVE;
				CLANG_WARN_UNREACHABLE_CODE = YES;
				CLANG_WARN__DUPLICATE_METHOD_MATCH = YES;
				COPY_PHASE_STRIP = NO;
				DEBUG_INFORMATION_FORMAT = "dwarf-with-dsym";
				ENABLE_NS_ASSERTIONS = NO;
				ENABLE_STRICT_OBJC_MSGSEND = YES;
				GCC_C_LANGUAGE_STANDARD = gnu11;
				GCC_NO_COMMON_BLOCKS = YES;
				GCC_WARN_64_TO_32_BIT_CONVERSION = YES;
				GCC_WARN_ABOUT_RETURN_TYPE = YES_ERROR;
				GCC_WARN_UNDECLARED_SELECTOR = YES;
				GCC_WARN_UNINITIALIZED_AUTOS = YES_AGGRESSIVE;
				GCC_WARN_UNUSED_FUNCTION = YES;
				GCC_WARN_UNUSED_VARIABLE = YES;
				IPHONEOS_DEPLOYMENT_TARGET = 14.5;
				MTL_ENABLE_DEBUG_INFO = NO;
				MTL_FAST_MATH = YES;
				SDKROOT = iphoneos;
				SWIFT_COMPILATION_MODE = wholemodule;
				SWIFT_OPTIMIZATION_LEVEL = "-O";
				VALIDATE_PRODUCT = YES;
			};
			name = Release;
		};
		475ECD3C2640B63500BF2ECD /* Debug */ = {
			isa = XCBuildConfiguration;
			buildSettings = {
				ASSETCATALOG_COMPILER_APPICON_NAME = AppIcon;
				ASSETCATALOG_COMPILER_GLOBAL_ACCENT_COLOR_NAME = AccentColor;
				CODE_SIGN_STYLE = Automatic;
				DEVELOPMENT_ASSET_PATHS = "\"Africa/Preview Content\"";
				DEVELOPMENT_TEAM = 37M9WYPH3S;
				ENABLE_PREVIEWS = YES;
				INFOPLIST_FILE = Africa/Info.plist;
				IPHONEOS_DEPLOYMENT_TARGET = 14.0;
				LD_RUNPATH_SEARCH_PATHS = (
					"$(inherited)",
					"@executable_path/Frameworks",
				);
				PRODUCT_BUNDLE_IDENTIFIER = "com.carlos-delcarpio.Africa";
				PRODUCT_NAME = "$(TARGET_NAME)";
				SWIFT_VERSION = 5.0;
				TARGETED_DEVICE_FAMILY = "1,2";
			};
			name = Debug;
		};
		475ECD3D2640B63500BF2ECD /* Release */ = {
			isa = XCBuildConfiguration;
			buildSettings = {
				ASSETCATALOG_COMPILER_APPICON_NAME = AppIcon;
				ASSETCATALOG_COMPILER_GLOBAL_ACCENT_COLOR_NAME = AccentColor;
				CODE_SIGN_STYLE = Automatic;
				DEVELOPMENT_ASSET_PATHS = "\"Africa/Preview Content\"";
				DEVELOPMENT_TEAM = 37M9WYPH3S;
				ENABLE_PREVIEWS = YES;
				INFOPLIST_FILE = Africa/Info.plist;
				IPHONEOS_DEPLOYMENT_TARGET = 14.0;
				LD_RUNPATH_SEARCH_PATHS = (
					"$(inherited)",
					"@executable_path/Frameworks",
				);
				PRODUCT_BUNDLE_IDENTIFIER = "com.carlos-delcarpio.Africa";
				PRODUCT_NAME = "$(TARGET_NAME)";
				SWIFT_VERSION = 5.0;
				TARGETED_DEVICE_FAMILY = "1,2";
			};
			name = Release;
		};
/* End XCBuildConfiguration section */

/* Begin XCConfigurationList section */
		475ECD272640B63400BF2ECD /* Build configuration list for PBXProject "Africa" */ = {
			isa = XCConfigurationList;
			buildConfigurations = (
				475ECD392640B63500BF2ECD /* Debug */,
				475ECD3A2640B63500BF2ECD /* Release */,
			);
			defaultConfigurationIsVisible = 0;
			defaultConfigurationName = Release;
		};
		475ECD3B2640B63500BF2ECD /* Build configuration list for PBXNativeTarget "Africa" */ = {
			isa = XCConfigurationList;
			buildConfigurations = (
				475ECD3C2640B63500BF2ECD /* Debug */,
				475ECD3D2640B63500BF2ECD /* Release */,
			);
			defaultConfigurationIsVisible = 0;
			defaultConfigurationName = Release;
		};
/* End XCConfigurationList section */
	};
	rootObject = 475ECD242640B63400BF2ECD /* Project object */;
}
